
Microsoft Visual Studio Solution File, Format Version 12.00
# Visual Studio Version 17
VisualStudioVersion = 17.9.34622.214
MinimumVisualStudioVersion = 10.0.40219.1
Project("{8BC9CEB8-8B4A-11D0-8D11-00A0C91BC942}") = "Payload", "Payload\Payload.vcxproj", "{82C476C7-329A-4228-9BB2-E022FCCA6BEB}"
EndProject
Project("{8BC9CEB8-8B4A-11D0-8D11-00A0C91BC942}") = "Build", "Build\Build.vcxproj", "{F297B021-ADBD-4C01-84CE-AA3DEBC65BA6}"
EndProject
Project("{8BC9CEB8-8B4A-11D0-8D11-00A0C91BC942}") = "FSTC", "FSTC\FSTC.vcxproj", "{174F1489-8A52-4702-A442-2AEEF56BE64A}"
EndProject
Global
	GlobalSection(SolutionConfigurationPlatforms) = preSolution
		Debug|x64 = Debug|x64
		Debug|x86 = Debug|x86
		Release|x64 = Release|x64
		Release|x86 = Release|x86
	EndGlobalSection
	GlobalSection(ProjectConfigurationPlatforms) = postSolution
		{82C476C7-329A-4228-9BB2-E022FCCA6BEB}.Debug|x64.ActiveCfg = Debug|x64
		{82C476C7-329A-4228-9BB2-E022FCCA6BEB}.Debug|x64.Build.0 = Debug|x64
		{82C476C7-329A-4228-9BB2-E022FCCA6BEB}.Debug|x86.ActiveCfg = Debug|Win32
		{82C476C7-329A-4228-9BB2-E022FCCA6BEB}.Debug|x86.Build.0 = Debug|Win32
		{82C476C7-329A-4228-9BB2-E022FCCA6BEB}.Release|x64.ActiveCfg = Release|x64
		{82C476C7-329A-4228-9BB2-E022FCCA6BEB}.Release|x64.Build.0 = Release|x64
		{82C476C7-329A-4228-9BB2-E022FCCA6BEB}.Release|x86.ActiveCfg = Release|Win32
		{82C476C7-329A-4228-9BB2-E022FCCA6BEB}.Release|x86.Build.0 = Release|Win32
		{F297B021-ADBD-4C01-84CE-AA3DEBC65BA6}.Debug|x64.ActiveCfg = Debug|x64
		{F297B021-ADBD-4C01-84CE-AA3DEBC65BA6}.Debug|x64.Build.0 = Debug|x64
		{F297B021-ADBD-4C01-84CE-AA3DEBC65BA6}.Debug|x86.ActiveCfg = Debug|Win32
		{F297B021-ADBD-4C01-84CE-AA3DEBC65BA6}.Debug|x86.Build.0 = Debug|Win32
		{F297B021-ADBD-4C01-84CE-AA3DEBC65BA6}.Release|x64.ActiveCfg = Release|x64
		{F297B021-ADBD-4C01-84CE-AA3DEBC65BA6}.Release|x64.Build.0 = Release|x64
		{F297B021-ADBD-4C01-84CE-AA3DEBC65BA6}.Release|x86.ActiveCfg = Release|Win32
		{F297B021-ADBD-4C01-84CE-AA3DEBC65BA6}.Release|x86.Build.0 = Release|Win32
		{174F1489-8A52-4702-A442-2AEEF56BE64A}.Debug|x64.ActiveCfg = Debug|x64
		{174F1489-8A52-4702-A442-2AEEF56BE64A}.Debug|x64.Build.0 = Debug|x64
		{174F1489-8A52-4702-A442-2AEEF56BE64A}.Debug|x86.ActiveCfg = Debug|Win32
		{174F1489-8A52-4702-A442-2AEEF56BE64A}.Debug|x86.Build.0 = Debug|Win32
		{174F1489-8A52-4702-A442-2AEEF56BE64A}.Release|x64.ActiveCfg = Release|x64
		{174F1489-8A52-4702-A442-2AEEF56BE64A}.Release|x64.Build.0 = Release|x64
		{174F1489-8A52-4702-A442-2AEEF56BE64A}.Release|x86.ActiveCfg = Release|Win32
		{174F1489-8A52-4702-A442-2AEEF56BE64A}.Release|x86.Build.0 = Release|Win32
	EndGlobalSection
	GlobalSection(SolutionProperties) = preSolution
		HideSolutionNode = FALSE
	EndGlobalSection
	GlobalSection(ExtensibilityGlobals) = postSolution
		SolutionGuid = {C209DE82-C530-4251-A84A-1A932796698D}
	EndGlobalSection
EndGlobal
